# THIS IS AN AUTOGENERATED FILE. DO NOT EDIT THIS FILE DIRECTLY.
# yarn lockfile v1


lucide-react@^0.555.0:
  version "0.555.0"
  resolved "https://registry.npmjs.org/lucide-react/-/lucide-react-0.555.0.tgz"
  integrity sha512-D8FvHUGbxWBRQM90NZeIyhAvkFfsh3u9ekrMvJ30Z6gnpBHS6HC6ldLg7tL45hwiIz/u66eKDtdA23gwwGsAHA==

sonner@1.2.0:
  version "1.2.0"
  resolved "https://registry.yarnpkg.com/sonner/-/sonner-1.2.0.tgz#26e7520d0f93b9f70763130099b4e1b16f121f11"
  integrity sha512-4bIPKrhF+Z4yEC4EZvNBswcVzMrUhztOQXqyIoiZqiqN1TT39FeK+TgRsQidvvztnYgOn4+S3LdAsri61c7ATA==
